// !$*UTF8*$!
{
	archiveVersion = 1;
	classes = {
	};
	objectVersion = 46;
	objects = {

/* Begin PBXBuildFile section */
		BD2CF5D51A718C8E008A728D /* AppDelegate.swift in Sources */ = {isa = PBXBuildFile; fileRef = BD2CF5D41A718C8E008A728D /* AppDelegate.swift */; };
		BD2CF5D71A718C8E008A728D /* FirstViewController.swift in Sources */ = {isa = PBXBuildFile; fileRef = BD2CF5D61A718C8E008A728D /* FirstViewController.swift */; };
		BD2CF5D91A718C8E008A728D /* SecondViewController.swift in Sources */ = {isa = PBXBuildFile; fileRef = BD2CF5D81A718C8E008A728D /* SecondViewController.swift */; };
		BD2CF5DC1A718C8E008A728D /* Main.storyboard in Resources */ = {isa = PBXBuildFile; fileRef = BD2CF5DA1A718C8E008A728D /* Main.storyboard */; };
		BD2CF5DE1A718C8E008A728D /* Images.xcassets in Resources */ = {isa = PBXBuildFile; fileRef = BD2CF5DD1A718C8E008A728D /* Images.xcassets */; };
		BD2CF5E11A718C8E008A728D /* LaunchScreen.xib in Resources */ = {isa = PBXBuildFile; fileRef = BD2CF5DF1A718C8E008A728D /* LaunchScreen.xib */; };
		BD2CF5ED1A718C8E008A728D /* GoodMorningTests.swift in Sources */ = {isa = PBXBuildFile; fileRef = BD2CF5EC1A718C8E008A728D /* GoodMorningTests.swift */; };
/* End PBXBuildFile section */

/* Begin PBXContainerItemProxy section */
		BD2CF5E71A718C8E008A728D /* PBXContainerItemProxy */ = {
			isa = PBXContainerItemProxy;
			containerPortal = BD2CF5C71A718C8E008A728D /* Project object */;
			proxyType = 1;
			remoteGlobalIDString = BD2CF5CE1A718C8E008A728D;
			remoteInfo = GoodMorning;
		};
/* End PBXContainerItemProxy section */

/* Begin PBXFileReference section */
		BD2CF5CF1A718C8E008A728D /* GoodMorning.app */ = {isa = PBXFileReference; explicitFileType = wrapper.application; includeInIndex = 0; path = GoodMorning.app; sourceTree = BUILT_PRODUCTS_DIR; };
		BD2CF5D31A718C8E008A728D /* Info.plist */ = {isa = PBXFileReference; lastKnownFileType = text.plist.xml; path = Info.plist; sourceTree = "<group>"; };
		BD2CF5D41A718C8E008A728D /* AppDelegate.swift */ = {isa = PBXFileReference; lastKnownFileType = sourcecode.swift; path = AppDelegate.swift; sourceTree = "<group>"; };
		BD2CF5D61A718C8E008A728D /* FirstViewController.swift */ = {isa = PBXFileReference; lastKnownFileType = sourcecode.swift; path = FirstViewController.swift; sourceTree = "<group>"; };
		BD2CF5D81A718C8E008A728D /* SecondViewController.swift */ = {isa = PBXFileReference; lastKnownFileType = sourcecode.swift; path = SecondViewController.swift; sourceTree = "<group>"; };
		BD2CF5DB1A718C8E008A728D /* Base */ = {isa = PBXFileReference; lastKnownFileType = file.storyboard; name = Base; path = Base.lproj/Main.storyboard; sourceTree = "<group>"; };
		BD2CF5DD1A718C8E008A728D /* Images.xcassets */ = {isa = PBXFileReference; lastKnownFileType = folder.assetcatalog; path = Images.xcassets; sourceTree = "<group>"; };
		BD2CF5E01A718C8E008A728D /* Base */ = {isa = PBXFileReference; lastKnownFileType = file.xib; name = Base; path = Base.lproj/LaunchScreen.xib; sourceTree = "<group>"; };
		BD2CF5E61A718C8E008A728D /* GoodMorningTests.xctest */ = {isa = PBXFileReference; explicitFileType = wrapper.cfbundle; includeInIndex = 0; path = GoodMorningTests.xctest; sourceTree = BUILT_PRODUCTS_DIR; };
		BD2CF5EB1A718C8E008A728D /* Info.plist */ = {isa = PBXFileReference; lastKnownFileType = text.plist.xml; path = Info.plist; sourceTree = "<group>"; };
		BD2CF5EC1A718C8E008A728D /* GoodMorningTests.swift */ = {isa = PBXFileReference; lastKnownFileType = sourcecode.swift; path = GoodMorningTests.swift; sourceTree = "<group>"; };
/* End PBXFileReference section */

/* Begin PBXFrameworksBuildPhase section */
		BD2CF5CC1A718C8E008A728D /* Frameworks */ = {
			isa = PBXFrameworksBuildPhase;
			buildActionMask = 2147483647;
			files = (
			);
			runOnlyForDeploymentPostprocessing = 0;
		};
		BD2CF5E31A718C8E008A728D /* Frameworks */ = {
			isa = PBXFrameworksBuildPhase;
			buildActionMask = 2147483647;
			files = (
			);
			runOnlyForDeploymentPostprocessing = 0;
		};
/* End PBXFrameworksBuildPhase section */

/* Begin PBXGroup section */
		BD2CF5C61A718C8E008A728D = {
			isa = PBXGroup;
			children = (
				BD2CF5D11A718C8E008A728D /* GoodMorning */,
				BD2CF5E91A718C8E008A728D /* GoodMorningTests */,
				BD2CF5D01A718C8E008A728D /* Products */,
			);
			sourceTree = "<group>";
		};
		BD2CF5D01A718C8E008A728D /* Products */ = {
			isa = PBXGroup;
			children = (
				BD2CF5CF1A718C8E008A728D /* GoodMorning.app */,
				BD2CF5E61A718C8E008A728D /* GoodMorningTests.xctest */,
			);
			name = Products;
			sourceTree = "<group>";
		};
		BD2CF5D11A718C8E008A728D /* GoodMorning */ = {
			isa = PBXGroup;
			children = (
				BD2CF5D41A718C8E008A728D /* AppDelegate.swift */,
				BD2CF5D61A718C8E008A728D /* FirstViewController.swift */,
				BD2CF5D81A718C8E008A728D /* SecondViewController.swift */,
				BD2CF5DA1A718C8E008A728D /* Main.storyboard */,
				BD2CF5DD1A718C8E008A728D /* Images.xcassets */,
				BD2CF5DF1A718C8E008A728D /* LaunchScreen.xib */,
				BD2CF5D21A718C8E008A728D /* Supporting Files */,
			);
			path = GoodMorning;
			sourceTree = "<group>";
		};
		BD2CF5D21A718C8E008A728D /* Supporting Files */ = {
			isa = PBXGroup;
			children = (
				BD2CF5D31A718C8E008A728D /* Info.plist */,
			);
			name = "Supporting Files";
			sourceTree = "<group>";
		};
		BD2CF5E91A718C8E008A728D /* GoodMorningTests */ = {
			isa = PBXGroup;
			children = (
				BD2CF5EC1A718C8E008A728D /* GoodMorningTests.swift */,
				BD2CF5EA1A718C8E008A728D /* Supporting Files */,
			);
			path = GoodMorningTests;
			sourceTree = "<group>";
		};
		BD2CF5EA1A718C8E008A728D /* Supporting Files */ = {
			isa = PBXGroup;
			children = (
				BD2CF5EB1A718C8E008A728D /* Info.plist */,
			);
			name = "Supporting Files";
			sourceTree = "<group>";
		};
/* End PBXGroup section */

/* Begin PBXNativeTarget section */
		BD2CF5CE1A718C8E008A728D /* GoodMorning */ = {
			isa = PBXNativeTarget;
			buildConfigurationList = BD2CF5F01A718C8E008A728D /* Build configuration list for PBXNativeTarget "GoodMorning" */;
			buildPhases = (
				BD2CF5CB1A718C8E008A728D /* Sources */,
				BD2CF5CC1A718C8E008A728D /* Frameworks */,
				BD2CF5CD1A718C8E008A728D /* Resources */,
			);
			buildRules = (
			);
			dependencies = (
			);
			name = GoodMorning;
			productName = GoodMorning;
			productReference = BD2CF5CF1A718C8E008A728D /* GoodMorning.app */;
			productType = "com.apple.product-type.application";
		};
		BD2CF5E51A718C8E008A728D /* GoodMorningTests */ = {
			isa = PBXNativeTarget;
			buildConfigurationList = BD2CF5F31A718C8E008A728D /* Build configuration list for PBXNativeTarget "GoodMorningTests" */;
			buildPhases = (
				BD2CF5E21A718C8E008A728D /* Sources */,
				BD2CF5E31A718C8E008A728D /* Frameworks */,
				BD2CF5E41A718C8E008A728D /* Resources */,
			);
			buildRules = (
			);
			dependencies = (
				BD2CF5E81A718C8E008A728D /* PBXTargetDependency */,
			);
			name = GoodMorningTests;
			productName = GoodMorningTests;
			productReference = BD2CF5E61A718C8E008A728D /* GoodMorningTests.xctest */;
			productType = "com.apple.product-type.bundle.unit-test";
		};
/* End PBXNativeTarget section */

/* Begin PBXProject section */
		BD2CF5C71A718C8E008A728D /* Project object */ = {
			isa = PBXProject;
			attributes = {
				LastUpgradeCheck = 0610;
				ORGANIZATIONNAME = "pei hao";
				TargetAttributes = {
					BD2CF5CE1A718C8E008A728D = {
						CreatedOnToolsVersion = 6.1.1;
						DevelopmentTeam = BMC43J69VA;
					};
					BD2CF5E51A718C8E008A728D = {
						CreatedOnToolsVersion = 6.1.1;
						TestTargetID = BD2CF5CE1A718C8E008A728D;
					};
				};
			};
			buildConfigurationList = BD2CF5CA1A718C8E008A728D /* Build configuration list for PBXProject "GoodMorning" */;
			compatibilityVersion = "Xcode 3.2";
			developmentRegion = English;
			hasScannedForEncodings = 0;
			knownRegions = (
				en,
				Base,
			);
			mainGroup = BD2CF5C61A718C8E008A728D;
			productRefGroup = BD2CF5D01A718C8E008A728D /* Products */;
			projectDirPath = "";
			projectRoot = "";
			targets = (
				BD2CF5CE1A718C8E008A728D /* GoodMorning */,
				BD2CF5E51A718C8E008A728D /* GoodMorningTests */,
			);
		};
/* End PBXProject section */

/* Begin PBXResourcesBuildPhase section */
		BD2CF5CD1A718C8E008A728D /* Resources */ = {
			isa = PBXResourcesBuildPhase;
			buildActionMask = 2147483647;
			files = (
				BD2CF5DC1A718C8E008A728D /* Main.storyboard in Resources */,
				BD2CF5E11A718C8E008A728D /* LaunchScreen.xib in Resources */,
				BD2CF5DE1A718C8E008A728D /* Images.xcassets in Resources */,
			);
			runOnlyForDeploymentPostprocessing = 0;
		};
		BD2CF5E41A718C8E008A728D /* Resources */ = {
			isa = PBXResourcesBuildPhase;
			buildActionMask = 2147483647;
			files = (
			);
			runOnlyForDeploymentPostprocessing = 0;
		};
/* End PBXResourcesBuildPhase section */

/* Begin PBXSourcesBuildPhase section */
		BD2CF5CB1A718C8E008A728D /* Sources */ = {
			isa = PBXSourcesBuildPhase;
			buildActionMask = 2147483647;
			files = (
				BD2CF5D91A718C8E008A728D /* SecondViewController.swift in Sources */,
				BD2CF5D51A718C8E008A728D /* AppDelegate.swift in Sources */,
				BD2CF5D71A718C8E008A728D /* FirstViewController.swift in Sources */,
			);
			runOnlyForDeploymentPostprocessing = 0;
		};
		BD2CF5E21A718C8E008A728D /* Sources */ = {
			isa = PBXSourcesBuildPhase;
			buildActionMask = 2147483647;
			files = (
				BD2CF5ED1A718C8E008A728D /* GoodMorningTests.swift in Sources */,
			);
			runOnlyForDeploymentPostprocessing = 0;
		};
/* End PBXSourcesBuildPhase section */

/* Begin PBXTargetDependency section */
		BD2CF5E81A718C8E008A728D /* PBXTargetDependency */ = {
			isa = PBXTargetDependency;
			target = BD2CF5CE1A718C8E008A728D /* GoodMorning */;
			targetProxy = BD2CF5E71A718C8E008A728D /* PBXContainerItemProxy */;
		};
/* End PBXTargetDependency section */

/* Begin PBXVariantGroup section */
		BD2CF5DA1A718C8E008A728D /* Main.storyboard */ = {
			isa = PBXVariantGroup;
			children = (
				BD2CF5DB1A718C8E008A728D /* Base */,
			);
			name = Main.storyboard;
			sourceTree = "<group>";
		};
		BD2CF5DF1A718C8E008A728D /* LaunchScreen.xib */ = {
			isa = PBXVariantGroup;
			children = (
				BD2CF5E01A718C8E008A728D /* Base */,
			);
			name = LaunchScreen.xib;
			sourceTree = "<group>";
		};
/* End PBXVariantGroup section */

/* Begin XCBuildConfiguration section */
		BD2CF5EE1A718C8E008A728D /* Debug */ = {
			isa = XCBuildConfiguration;
			buildSettings = {
				ALWAYS_SEARCH_USER_PATHS = NO;
				CLANG_CXX_LANGUAGE_STANDARD = "gnu++0x";
				CLANG_CXX_LIBRARY = "libc++";
				CLANG_ENABLE_MODULES = YES;
				CLANG_ENABLE_OBJC_ARC = YES;
				CLANG_WARN_BOOL_CONVERSION = YES;
				CLANG_WARN_CONSTANT_CONVERSION = YES;
				CLANG_WARN_DIRECT_OBJC_ISA_USAGE = YES_ERROR;
				CLANG_WARN_EMPTY_BODY = YES;
				CLANG_WARN_ENUM_CONVERSION = YES;
				CLANG_WARN_INT_CONVERSION = YES;
				CLANG_WARN_OBJC_ROOT_CLASS = YES_ERROR;
				CLANG_WARN_UNREACHABLE_CODE = YES;
				CLANG_WARN__DUPLICATE_METHOD_MATCH = YES;
				"CODE_SIGN_IDENTITY[sdk=iphoneos*]" = "iPhone Developer";
				COPY_PHASE_STRIP = NO;
				ENABLE_STRICT_OBJC_MSGSEND = YES;
				GCC_C_LANGUAGE_STANDARD = gnu99;
				GCC_DYNAMIC_NO_PIC = NO;
				GCC_OPTIMIZATION_LEVEL = 0;
				GCC_PREPROCESSOR_DEFINITIONS = (
					"DEBUG=1",
					"$(inherited)",
				);
				GCC_SYMBOLS_PRIVATE_EXTERN = NO;
				GCC_WARN_64_TO_32_BIT_CONVERSION = YES;
				GCC_WARN_ABOUT_RETURN_TYPE = YES_ERROR;
				GCC_WARN_UNDECLARED_SELECTOR = YES;
				GCC_WARN_UNINITIALIZED_AUTOS = YES_AGGRESSIVE;
				GCC_WARN_UNUSED_FUNCTION = YES;
				GCC_WARN_UNUSED_VARIABLE = YES;
				IPHONEOS_DEPLOYMENT_TARGET = 8.1;
				MTL_ENABLE_DEBUG_INFO = YES;
				ONLY_ACTIVE_ARCH = YES;
				SDKROOT = iphoneos;
				SWIFT_OPTIMIZATION_LEVEL = "-Onone";
				TARGETED_DEVICE_FAMILY = "1,2";
			};
			name = Debug;
		};
		BD2CF5EF1A718C8E008A728D /* Release */ = {
			isa = XCBuildConfiguration;
			buildSettings = {
				ALWAYS_SEARCH_USER_PATHS = NO;
				CLANG_CXX_LANGUAGE_STANDARD = "gnu++0x";
				CLANG_CXX_LIBRARY = "libc++";
				CLANG_ENABLE_MODULES = YES;
				CLANG_ENABLE_OBJC_ARC = YES;
				CLANG_WARN_BOOL_CONVERSION = YES;
				CLANG_WARN_CONSTANT_CONVERSION = YES;
				CLANG_WARN_DIRECT_OBJC_ISA_USAGE = YES_ERROR;
				CLANG_WARN_EMPTY_BODY = YES;
				CLANG_WARN_ENUM_CONVERSION = YES;
				CLANG_WARN_INT_CONVERSION = YES;
				CLANG_WARN_OBJC_ROOT_CLASS = YES_ERROR;
				CLANG_WARN_UNREACHABLE_CODE = YES;
				CLANG_WARN__DUPLICATE_METHOD_MATCH = YES;
				"CODE_SIGN_IDENTITY[sdk=iphoneos*]" = "iPhone Developer";
				COPY_PHASE_STRIP = YES;
				ENABLE_NS_ASSERTIONS = NO;
				ENABLE_STRICT_OBJC_MSGSEND = YES;
				GCC_C_LANGUAGE_STANDARD = gnu99;
				GCC_WARN_64_TO_32_BIT_CONVERSION = YES;
				GCC_WARN_ABOUT_RETURN_TYPE = YES_ERROR;
				GCC_WARN_UNDECLARED_SELECTOR = YES;
				GCC_WARN_UNINITIALIZED_AUTOS = YES_AGGRESSIVE;
				GCC_WARN_UNUSED_FUNCTION = YES;
				GCC_WARN_UNUSED_VARIABLE = YES;
				IPHONEOS_DEPLOYMENT_TARGET = 8.1;
				MTL_ENABLE_DEBUG_INFO = NO;
				SDKROOT = iphoneos;
				TARGETED_DEVICE_FAMILY = "1,2";
				VALIDATE_PRODUCT = YES;
			};
			name = Release;
		};
		BD2CF5F11A718C8E008A728D /* Debug */ = {
			isa = XCBuildConfiguration;
			buildSettings = {
				ASSETCATALOG_COMPILER_APPICON_NAME = AppIcon;
				INFOPLIST_FILE = GoodMorning/Info.plist;
				LD_RUNPATH_SEARCH_PATHS = "$(inherited) @executable_path/Frameworks";
				PRODUCT_NAME = "$(TARGET_NAME)";
			};
			name = Debug;
		};
		BD2CF5F21A718C8E008A728D /* Release */ = {
			isa = XCBuildConfiguration;
			buildSettings = {
				ASSETCATALOG_COMPILER_APPICON_NAME = AppIcon;
				INFOPLIST_FILE = GoodMorning/Info.plist;
				LD_RUNPATH_SEARCH_PATHS = "$(inherited) @executable_path/Frameworks";
				PRODUCT_NAME = "$(TARGET_NAME)";
			};
			name = Release;
		};
		BD2CF5F41A718C8E008A728D /* Debug */ = {
			isa = XCBuildConfiguration;
			buildSettings = {
				BUNDLE_LOADER = "$(TEST_HOST)";
				FRAMEWORK_SEARCH_PATHS = (
					"$(SDKROOT)/Developer/Library/Frameworks",
					"$(inherited)",
				);
				GCC_PREPROCESSOR_DEFINITIONS = (
					"DEBUG=1",
					"$(inherited)",
				);
				INFOPLIST_FILE = GoodMorningTests/Info.plist;
				LD_RUNPATH_SEARCH_PATHS = "$(inherited) @executable_path/Frameworks @loader_path/Frameworks";
				PRODUCT_NAME = "$(TARGET_NAME)";
				TEST_HOST = "$(BUILT_PRODUCTS_DIR)/GoodMorning.app/GoodMorning";
			};
			name = Debug;
		};
		BD2CF5F51A718C8E008A728D /* Release */ = {
			isa = XCBuildConfiguration;
			buildSettings = {
				BUNDLE_LOADER = "$(TEST_HOST)";
				FRAMEWORK_SEARCH_PATHS = (
					"$(SDKROOT)/Developer/Library/Frameworks",
					"$(inherited)",
				);
				INFOPLIST_FILE = GoodMorningTests/Info.plist;
				LD_RUNPATH_SEARCH_PATHS = "$(inherited) @executable_path/Frameworks @loader_path/Frameworks";
				PRODUCT_NAME = "$(TARGET_NAME)";
				TEST_HOST = "$(BUILT_PRODUCTS_DIR)/GoodMorning.app/GoodMorning";
			};
			name = Release;
		};
/* End XCBuildConfiguration section */

/* Begin XCConfigurationList section */
		BD2CF5CA1A718C8E008A728D /* Build configuration list for PBXProject "GoodMorning" */ = {
			isa = XCConfigurationList;
			buildConfigurations = (
				BD2CF5EE1A718C8E008A728D /* Debug */,
				BD2CF5EF1A718C8E008A728D /* Release */,
			);
			defaultConfigurationIsVisible = 0;
			defaultConfigurationName = Release;
		};
		BD2CF5F01A718C8E008A728D /* Build configuration list for PBXNativeTarget "GoodMorning" */ = {
			isa = XCConfigurationList;
			buildConfigurations = (
				BD2CF5F11A718C8E008A728D /* Debug */,
				BD2CF5F21A718C8E008A728D /* Release */,
			);
			defaultConfigurationIsVisible = 0;
		};
		BD2CF5F31A718C8E008A728D /* Build configuration list for PBXNativeTarget "GoodMorningTests" */ = {
			isa = XCConfigurationList;
			buildConfigurations = (
				BD2CF5F41A718C8E008A728D /* Debug */,
				BD2CF5F51A718C8E008A728D /* Release */,
			);
			defaultConfigurationIsVisible = 0;
		};
/* End XCConfigurationList section */
	};
	rootObject = BD2CF5C71A718C8E008A728D /* Project object */;
}
